
Microsoft Visual Studio Solution File, Format Version 12.00
# Visual Studio 2013
VisualStudioVersion = 12.0.21005.1
MinimumVisualStudioVersion = 10.0.40219.1
Project("{FAE04EC0-301F-11D3-BF4B-00C04F79EFBC}") = "Geometry5", "Geometry5\Geometry5.csproj", "{CAA7CF2F-6DB2-460E-AB20-A4949FC525A3}"
EndProject
Project("{FAE04EC0-301F-11D3-BF4B-00C04F79EFBC}") = "GeometryTests", "GeometryTests\GeometryTests.csproj", "{655BB86B-C9C7-4596-84A7-43636344FFBC}"
EndProject
Global
	GlobalSection(SolutionConfigurationPlatforms) = preSolution
		Debug|Any CPU = Debug|Any CPU
		Release|Any CPU = Release|Any CPU
	EndGlobalSection
	GlobalSection(ProjectConfigurationPlatforms) = postSolution
		{CAA7CF2F-6DB2-460E-AB20-A4949FC525A3}.Debug|Any CPU.ActiveCfg = Debug|Any CPU
		{CAA7CF2F-6DB2-460E-AB20-A4949FC525A3}.Debug|Any CPU.Build.0 = Debug|Any CPU
		{CAA7CF2F-6DB2-460E-AB20-A4949FC525A3}.Release|Any CPU.ActiveCfg = Release|Any CPU
		{CAA7CF2F-6DB2-460E-AB20-A4949FC525A3}.Release|Any CPU.Build.0 = Release|Any CPU
		{655BB86B-C9C7-4596-84A7-43636344FFBC}.Debug|Any CPU.ActiveCfg = Debug|Any CPU
		{655BB86B-C9C7-4596-84A7-43636344FFBC}.Debug|Any CPU.Build.0 = Debug|Any CPU
		{655BB86B-C9C7-4596-84A7-43636344FFBC}.Release|Any CPU.ActiveCfg = Release|Any CPU
		{655BB86B-C9C7-4596-84A7-43636344FFBC}.Release|Any CPU.Build.0 = Release|Any CPU
	EndGlobalSection
	GlobalSection(SolutionProperties) = preSolution
		HideSolutionNode = FALSE
	EndGlobalSection
EndGlobal
